{
  "name": "dobo",
  "version": "1.0.2",
  "lockfileVersion": 3,
  "requires": true,
  "packages": {
    "": {
      "name": "dobo",
      "version": "1.0.2",
      "license": "MIT",
      "dependencies": {
        "@tryghost/nql": "^0.12.3",
        "joi": "^17.13.3",
        "mingo": "^6.4.15"
      }
    },
    "node_modules/@babel/runtime": {
      "version": "7.25.0",
      "resolved": "https://registry.npmjs.org/@babel/runtime/-/runtime-7.25.0.tgz",
      "integrity": "sha512-7dRy4DwXwtzBrPbZflqxnvfxLF8kdZXPkhymtDeFoFqE6ldzjQFgYTtYIFARcLEYDrqfBfYcZt1WqFxRoyC9Rw==",
      "dependencies": {
        "regenerator-runtime": "^0.14.0"
      },
      "engines": {
        "node": ">=6.9.0"
      }
    },
    "node_modules/@hapi/hoek": {
      "version": "9.3.0",
      "resolved": "https://registry.npmjs.org/@hapi/hoek/-/hoek-9.3.0.tgz",
      "integrity": "sha512-/c6rf4UJlmHlC9b5BaNvzAcFv7HZ2QHaV0D4/HNlBdvFnvQq8RI4kYdhyPCl7Xj+oWvTWQ8ujhqS53LIgAe6KQ=="
    },
    "node_modules/@hapi/topo": {
      "version": "5.1.0",
      "resolved": "https://registry.npmjs.org/@hapi/topo/-/topo-5.1.0.tgz",
      "integrity": "sha512-foQZKJig7Ob0BMAYBfcJk8d77QtOe7Wo4ox7ff1lQYoNNAb6jwcY1ncdoy2e9wQZzvNy7ODZCYJkK8kzmcAnAg==",
      "dependencies": {
        "@hapi/hoek": "^9.0.0"
      }
    },
    "node_modules/@sideway/address": {
      "version": "4.1.5",
      "resolved": "https://registry.npmjs.org/@sideway/address/-/address-4.1.5.tgz",
      "integrity": "sha512-IqO/DUQHUkPeixNQ8n0JA6102hT9CmaljNTPmQ1u8MEhBo/R4Q8eKLN/vGZxuebwOroDB4cbpjheD4+/sKFK4Q==",
      "dependencies": {
        "@hapi/hoek": "^9.0.0"
      }
    },
    "node_modules/@sideway/formula": {
      "version": "3.0.1",
      "resolved": "https://registry.npmjs.org/@sideway/formula/-/formula-3.0.1.tgz",
      "integrity": "sha512-/poHZJJVjx3L+zVD6g9KgHfYnb443oi7wLu/XKojDviHy6HOEOA6z1Trk5aR1dGcmPenJEgb2sK2I80LeS3MIg=="
    },
    "node_modules/@sideway/pinpoint": {
      "version": "2.0.0",
      "resolved": "https://registry.npmjs.org/@sideway/pinpoint/-/pinpoint-2.0.0.tgz",
      "integrity": "sha512-RNiOoTPkptFtSVzQevY/yWtZwf/RxyVnPy/OcA9HBM3MlGDnBEYL5B41H0MTn0Uec8Hi+2qUtTfG2WWZBmMejQ=="
    },
    "node_modules/@tryghost/mongo-knex": {
      "version": "0.9.0",
      "resolved": "https://registry.npmjs.org/@tryghost/mongo-knex/-/mongo-knex-0.9.0.tgz",
      "integrity": "sha512-1dksBf+nVyfVRssFC3/Tn1KqMhKfLhsjCnxnLv8vW5ZxSw39U6Kyp97u4BWithx31M/g3Q8nfCVg8hIgYVyt7w==",
      "dependencies": {
        "debug": "^4.3.3",
        "lodash": "^4.17.21"
      }
    },
    "node_modules/@tryghost/mongo-utils": {
      "version": "0.6.2",
      "resolved": "https://registry.npmjs.org/@tryghost/mongo-utils/-/mongo-utils-0.6.2.tgz",
      "integrity": "sha512-ewXYg2/EOYNc/ko5zwfvxskYfyLOVjMOPGgRLODJf3jLp9iXK9nfLHOrnAO4Jeh9CLzHm84aWUMaRIFH/XQULg==",
      "dependencies": {
        "lodash": "^4.17.11"
      }
    },
    "node_modules/@tryghost/nql": {
      "version": "0.12.3",
      "resolved": "https://registry.npmjs.org/@tryghost/nql/-/nql-0.12.3.tgz",
      "integrity": "sha512-bG0U+RMLixLTFkLM4DaL9uDhPCoTlxyMzZOIibZnBHmxi1lMM5cgUEGV38IwD92laIfS2t5BvAONKGhsGoVVVg==",
      "dependencies": {
        "@tryghost/mongo-knex": "^0.9.0",
        "@tryghost/mongo-utils": "^0.6.2",
        "@tryghost/nql-lang": "^0.6.1",
        "mingo": "^2.2.2"
      }
    },
    "node_modules/@tryghost/nql-lang": {
      "version": "0.6.1",
      "resolved": "https://registry.npmjs.org/@tryghost/nql-lang/-/nql-lang-0.6.1.tgz",
      "integrity": "sha512-0fYuzWuHXYN0qk3EnqBPv7IQykn6IaFFp1XcY3CtB3nfYZqsJzVGylQFNpxx6dhRLN8ZxdycZ00HkRChd0tvjQ==",
      "dependencies": {
        "date-fns": "^2.28.0"
      }
    },
    "node_modules/@tryghost/nql/node_modules/mingo": {
      "version": "2.5.3",
      "resolved": "https://registry.npmjs.org/mingo/-/mingo-2.5.3.tgz",
      "integrity": "sha512-Wb98QEQ/DaT+xPQFAX08mzM/Zz2eW1UIpKH132gXglakl2SKYBCQFzeiFygS/Hgzc9j9MDDjgouB9W7BMaLyaQ=="
    },
    "node_modules/date-fns": {
      "version": "2.30.0",
      "resolved": "https://registry.npmjs.org/date-fns/-/date-fns-2.30.0.tgz",
      "integrity": "sha512-fnULvOpxnC5/Vg3NCiWelDsLiUc9bRwAPs/+LfTLNvetFCtCTN+yQz15C/fs4AwX1R9K5GLtLfn8QW+dWisaAw==",
      "dependencies": {
        "@babel/runtime": "^7.21.0"
      },
      "engines": {
        "node": ">=0.11"
      },
      "funding": {
        "type": "opencollective",
        "url": "https://opencollective.com/date-fns"
      }
    },
    "node_modules/debug": {
      "version": "4.3.6",
      "resolved": "https://registry.npmjs.org/debug/-/debug-4.3.6.tgz",
      "integrity": "sha512-O/09Bd4Z1fBrU4VzkhFqVgpPzaGbw6Sm9FEkBT1A/YBXQFGuuSxa1dN2nxgxS34JmKXqYx8CZAwEVoJFImUXIg==",
      "dependencies": {
        "ms": "2.1.2"
      },
      "engines": {
        "node": ">=6.0"
      },
      "peerDependenciesMeta": {
        "supports-color": {
          "optional": true
        }
      }
    },
    "node_modules/joi": {
      "version": "17.13.3",
      "resolved": "https://registry.npmjs.org/joi/-/joi-17.13.3.tgz",
      "integrity": "sha512-otDA4ldcIx+ZXsKHWmp0YizCweVRZG96J10b0FevjfuncLO1oX59THoAmHkNubYJ+9gWsYsp5k8v4ib6oDv1fA==",
      "dependencies": {
        "@hapi/hoek": "^9.3.0",
        "@hapi/topo": "^5.1.0",
        "@sideway/address": "^4.1.5",
        "@sideway/formula": "^3.0.1",
        "@sideway/pinpoint": "^2.0.0"
      }
    },
    "node_modules/lodash": {
      "version": "4.17.21",
      "resolved": "https://registry.npmjs.org/lodash/-/lodash-4.17.21.tgz",
      "integrity": "sha512-v2kDEe57lecTulaDIuNTPy3Ry4gLGJ6Z1O3vE1krgXZNrsQ+LFTGHVxVjcXPs17LhbZVGedAJv8XZ1tvj5FvSg=="
    },
    "node_modules/mingo": {
      "version": "6.4.15",
      "resolved": "https://registry.npmjs.org/mingo/-/mingo-6.4.15.tgz",
      "integrity": "sha512-fKUCGr7fUxrb7YBK6whm5O5VouXfKAVtxnb+6g3Xuwsj9Jt9u8hhMOgiUoKO4kp3DmuiN0qgpYX2H/nP3zD1Hw=="
    },
    "node_modules/ms": {
      "version": "2.1.2",
      "resolved": "https://registry.npmjs.org/ms/-/ms-2.1.2.tgz",
      "integrity": "sha512-sGkPx+VjMtmA6MX27oA4FBFELFCZZ4S4XqeGOXCv68tT+jb3vk/RyaKWP0PTKyWtmLSM0b+adUTEvbs1PEaH2w=="
    },
    "node_modules/regenerator-runtime": {
      "version": "0.14.1",
      "resolved": "https://registry.npmjs.org/regenerator-runtime/-/regenerator-runtime-0.14.1.tgz",
      "integrity": "sha512-dYnhHh0nJoMfnkZs6GmmhFknAGRrLznOu5nc9ML+EJxGvrx6H7teuevqVqCuPcPK//3eDrrjQhehXVx9cnkGdw=="
    }
  }
}
